
Microsoft Visual Studio Solution File, Format Version 12.00
# Visual Studio 15
VisualStudioVersion = 15.0.27004.2009
MinimumVisualStudioVersion = 10.0.40219.1
Project("{FAE04EC0-301F-11D3-BF4B-00C04F79EFBC}") = "tutorials2.3", "tutorials2.3\tutorials2.3.csproj", "{653390DE-FA0E-4C2E-927C-02CA6272862A}"
EndProject
Global
	GlobalSection(SolutionConfigurationPlatforms) = preSolution
		Debug|Any CPU = Debug|Any CPU
		Release|Any CPU = Release|Any CPU
	EndGlobalSection
	GlobalSection(ProjectConfigurationPlatforms) = postSolution
		{653390DE-FA0E-4C2E-927C-02CA6272862A}.Debug|Any CPU.ActiveCfg = Debug|Any CPU
		{653390DE-FA0E-4C2E-927C-02CA6272862A}.Debug|Any CPU.Build.0 = Debug|Any CPU
		{653390DE-FA0E-4C2E-927C-02CA6272862A}.Release|Any CPU.ActiveCfg = Release|Any CPU
		{653390DE-FA0E-4C2E-927C-02CA6272862A}.Release|Any CPU.Build.0 = Release|Any CPU
	EndGlobalSection
	GlobalSection(SolutionProperties) = preSolution
		HideSolutionNode = FALSE
	EndGlobalSection
	GlobalSection(ExtensibilityGlobals) = postSolution
		SolutionGuid = {AD7CFC7E-A7B6-4CEA-8F5E-941E0A6B0066}
	EndGlobalSection
EndGlobal
